// !$*UTF8*$!
{
	archiveVersion = 1;
	classes = {
	};
	objectVersion = 60;
	objects = {

/* Begin PBXBuildFile section */
		400000000000000000000001 /* DOSApp.swift in Sources */ = {isa = PBXBuildFile; fileRef = 200000000000000000000001 /* DOSApp.swift */; };
		400000000000000000000002 /* DomainModels.swift in Sources */ = {isa = PBXBuildFile; fileRef = 200000000000000000000002 /* DomainModels.swift */; };
		400000000000000000000003 /* OperationsModels.swift in Sources */ = {isa = PBXBuildFile; fileRef = 200000000000000000000003 /* OperationsModels.swift */; };
		400000000000000000000004 /* Validation.swift in Sources */ = {isa = PBXBuildFile; fileRef = 200000000000000000000004 /* Validation.swift */; };
		400000000000000000000005 /* APIClient.swift in Sources */ = {isa = PBXBuildFile; fileRef = 200000000000000000000005 /* APIClient.swift */; };
		400000000000000000000006 /* OfflineAttendanceQueue.swift in Sources */ = {isa = PBXBuildFile; fileRef = 200000000000000000000006 /* OfflineAttendanceQueue.swift */; };
		400000000000000000000007 /* PreviewEventService.swift in Sources */ = {isa = PBXBuildFile; fileRef = 200000000000000000000007 /* PreviewEventService.swift */; };
		400000000000000000000008 /* AppModel.swift in Sources */ = {isa = PBXBuildFile; fileRef = 200000000000000000000008 /* AppModel.swift */; };
		400000000000000000000009 /* ContentView.swift in Sources */ = {isa = PBXBuildFile; fileRef = 200000000000000000000009 /* ContentView.swift */; };
		400000000000000000000101 /* DocumentedFeaturesTests.swift in Sources */ = {isa = PBXBuildFile; fileRef = 200000000000000000000101 /* DocumentedFeaturesTests.swift */; };
		400000000000000000000102 /* OfflineAttendanceQueueTests.swift in Sources */ = {isa = PBXBuildFile; fileRef = 200000000000000000000102 /* OfflineAttendanceQueueTests.swift */; };
		400000000000000000000103 /* RegistrationValidatorTests.swift in Sources */ = {isa = PBXBuildFile; fileRef = 200000000000000000000103 /* RegistrationValidatorTests.swift */; };
/* End PBXBuildFile section */

/* Begin PBXContainerItemProxy section */
		810000000000000000000001 /* PBXContainerItemProxy */ = {
			isa = PBXContainerItemProxy;
			containerPortal = 700000000000000000000001 /* Project object */;
			proxyType = 1;
			remoteGlobalIDString = 600000000000000000000001;
			remoteInfo = DOS;
		};
		810000000000000000000002 /* PBXContainerItemProxy */ = {
			isa = PBXContainerItemProxy;
			containerPortal = 700000000000000000000001 /* Project object */;
			proxyType = 1;
			remoteGlobalIDString = 600000000000000000000001;
			remoteInfo = DOS;
		};
/* End PBXContainerItemProxy section */

/* Begin PBXFileReference section */
		200000000000000000000001 /* DOSApp.swift */ = {isa = PBXFileReference; lastKnownFileType = sourcecode.swift; path = DOSApp.swift; sourceTree = "<group>"; };
		200000000000000000000002 /* DomainModels.swift */ = {isa = PBXFileReference; lastKnownFileType = sourcecode.swift; path = DomainModels.swift; sourceTree = "<group>"; };
		200000000000000000000003 /* OperationsModels.swift */ = {isa = PBXFileReference; lastKnownFileType = sourcecode.swift; path = OperationsModels.swift; sourceTree = "<group>"; };
		200000000000000000000004 /* Validation.swift */ = {isa = PBXFileReference; lastKnownFileType = sourcecode.swift; path = Validation.swift; sourceTree = "<group>"; };
		200000000000000000000005 /* APIClient.swift */ = {isa = PBXFileReference; lastKnownFileType = sourcecode.swift; path = APIClient.swift; sourceTree = "<group>"; };
		200000000000000000000006 /* OfflineAttendanceQueue.swift */ = {isa = PBXFileReference; lastKnownFileType = sourcecode.swift; path = OfflineAttendanceQueue.swift; sourceTree = "<group>"; };
		200000000000000000000007 /* PreviewEventService.swift */ = {isa = PBXFileReference; lastKnownFileType = sourcecode.swift; path = PreviewEventService.swift; sourceTree = "<group>"; };
		200000000000000000000008 /* AppModel.swift */ = {isa = PBXFileReference; lastKnownFileType = sourcecode.swift; path = AppModel.swift; sourceTree = "<group>"; };
		200000000000000000000009 /* ContentView.swift */ = {isa = PBXFileReference; lastKnownFileType = sourcecode.swift; path = ContentView.swift; sourceTree = "<group>"; };
		200000000000000000000101 /* DocumentedFeaturesTests.swift */ = {isa = PBXFileReference; lastKnownFileType = sourcecode.swift; path = DocumentedFeaturesTests.swift; sourceTree = "<group>"; };
		200000000000000000000102 /* OfflineAttendanceQueueTests.swift */ = {isa = PBXFileReference; lastKnownFileType = sourcecode.swift; path = OfflineAttendanceQueueTests.swift; sourceTree = "<group>"; };
		200000000000000000000103 /* RegistrationValidatorTests.swift */ = {isa = PBXFileReference; lastKnownFileType = sourcecode.swift; path = RegistrationValidatorTests.swift; sourceTree = "<group>"; };
		200000000000000000000201 /* Base.xcconfig */ = {isa = PBXFileReference; lastKnownFileType = text.xcconfig; path = Base.xcconfig; sourceTree = "<group>"; };
		200000000000000000000202 /* Debug.xcconfig */ = {isa = PBXFileReference; lastKnownFileType = text.xcconfig; path = Debug.xcconfig; sourceTree = "<group>"; };
		200000000000000000000203 /* Staging.xcconfig */ = {isa = PBXFileReference; lastKnownFileType = text.xcconfig; path = Staging.xcconfig; sourceTree = "<group>"; };
		200000000000000000000204 /* Production.xcconfig */ = {isa = PBXFileReference; lastKnownFileType = text.xcconfig; path = Production.xcconfig; sourceTree = "<group>"; };
		300000000000000000000001 /* DOS.app */ = {isa = PBXFileReference; explicitFileType = wrapper.application; includeInIndex = 0; path = DOS.app; sourceTree = BUILT_PRODUCTS_DIR; };
		300000000000000000000002 /* DOSCoreTests.xctest */ = {isa = PBXFileReference; explicitFileType = wrapper.cfbundle; includeInIndex = 0; path = DOSCoreTests.xctest; sourceTree = BUILT_PRODUCTS_DIR; };
		300000000000000000000003 /* DOSUITests.xctest */ = {isa = PBXFileReference; explicitFileType = wrapper.cfbundle; includeInIndex = 0; path = DOSUITests.xctest; sourceTree = BUILT_PRODUCTS_DIR; };
/* End PBXFileReference section */

/* Begin PBXFrameworksBuildPhase section */
		500000000000000000000002 /* Frameworks */ = {
			isa = PBXFrameworksBuildPhase;
			buildActionMask = 2147483647;
			files = (
			);
			runOnlyForDeploymentPostprocessing = 0;
		};
		500000000000000000000102 /* Frameworks */ = {
			isa = PBXFrameworksBuildPhase;
			buildActionMask = 2147483647;
			files = (
			);
			runOnlyForDeploymentPostprocessing = 0;
		};
		500000000000000000000202 /* Frameworks */ = {
			isa = PBXFrameworksBuildPhase;
			buildActionMask = 2147483647;
			files = (
			);
			runOnlyForDeploymentPostprocessing = 0;
		};
/* End PBXFrameworksBuildPhase section */

/* Begin PBXGroup section */
		100000000000000000000001 = {
			isa = PBXGroup;
			children = (
				100000000000000000000010 /* DOS */,
				100000000000000000000020 /* DOSTests */,
				100000000000000000000021 /* DOSUITests */,
				100000000000000000000003 /* Configuration */,
				100000000000000000000002 /* Products */,
			);
			sourceTree = "<group>";
		};
		100000000000000000000002 /* Products */ = {
			isa = PBXGroup;
			children = (
				300000000000000000000001 /* DOS.app */,
				300000000000000000000002 /* DOSCoreTests.xctest */,
				300000000000000000000003 /* DOSUITests.xctest */,
			);
			name = Products;
			sourceTree = "<group>";
		};
		100000000000000000000003 /* Configuration */ = {
			isa = PBXGroup;
			children = (
				200000000000000000000201 /* Base.xcconfig */,
				200000000000000000000202 /* Debug.xcconfig */,
				200000000000000000000203 /* Staging.xcconfig */,
				200000000000000000000204 /* Production.xcconfig */,
			);
			path = Configuration;
			sourceTree = "<group>";
		};
		100000000000000000000010 /* DOS */ = {
			isa = PBXGroup;
			children = (
				200000000000000000000001 /* DOSApp.swift */,
				100000000000000000000011 /* Models */,
				100000000000000000000012 /* Services */,
				100000000000000000000013 /* Views */,
				100000000000000000000014 /* Resources */,
				100000000000000000000015 /* Utilities */,
			);
			path = DOS;
			sourceTree = "<group>";
		};
		100000000000000000000011 /* Models */ = {
			isa = PBXGroup;
			children = (
				200000000000000000000002 /* DomainModels.swift */,
				200000000000000000000003 /* OperationsModels.swift */,
				200000000000000000000004 /* Validation.swift */,
			);
			path = Models;
			sourceTree = "<group>";
		};
		100000000000000000000012 /* Services */ = {
			isa = PBXGroup;
			children = (
				200000000000000000000005 /* APIClient.swift */,
				200000000000000000000006 /* OfflineAttendanceQueue.swift */,
				200000000000000000000007 /* PreviewEventService.swift */,
			);
			path = Services;
			sourceTree = "<group>";
		};
		100000000000000000000013 /* Views */ = {
			isa = PBXGroup;
			children = (
				200000000000000000000008 /* AppModel.swift */,
				200000000000000000000009 /* ContentView.swift */,
			);
			path = Views;
			sourceTree = "<group>";
		};
		100000000000000000000014 /* Resources */ = {
			isa = PBXGroup;
			children = (
			);
			path = Resources;
			sourceTree = "<group>";
		};
		100000000000000000000015 /* Utilities */ = {
			isa = PBXGroup;
			children = (
			);
			path = Utilities;
			sourceTree = "<group>";
		};
		100000000000000000000020 /* DOSTests */ = {
			isa = PBXGroup;
			children = (
				200000000000000000000101 /* DocumentedFeaturesTests.swift */,
				200000000000000000000102 /* OfflineAttendanceQueueTests.swift */,
				200000000000000000000103 /* RegistrationValidatorTests.swift */,
			);
			path = DOSTests;
			sourceTree = "<group>";
		};
		100000000000000000000021 /* DOSUITests */ = {
			isa = PBXGroup;
			children = (
			);
			path = DOSUITests;
			sourceTree = "<group>";
		};
/* End PBXGroup section */

/* Begin PBXNativeTarget section */
		600000000000000000000001 /* DOS */ = {
			isa = PBXNativeTarget;
			buildConfigurationList = 900000000000000000000002 /* Build configuration list for PBXNativeTarget "DOS" */;
			buildPhases = (
				500000000000000000000001 /* Sources */,
				500000000000000000000002 /* Frameworks */,
				500000000000000000000003 /* Resources */,
			);
			buildRules = (
			);
			dependencies = (
			);
			name = DOS;
			productName = DOS;
			productReference = 300000000000000000000001 /* DOS.app */;
			productType = "com.apple.product-type.application";
		};
		600000000000000000000002 /* DOSCoreTests */ = {
			isa = PBXNativeTarget;
			buildConfigurationList = 900000000000000000000003 /* Build configuration list for PBXNativeTarget "DOSCoreTests" */;
			buildPhases = (
				500000000000000000000101 /* Sources */,
				500000000000000000000102 /* Frameworks */,
				500000000000000000000103 /* Resources */,
			);
			buildRules = (
			);
			dependencies = (
				800000000000000000000001 /* PBXTargetDependency */,
			);
			name = DOSCoreTests;
			productName = DOSCoreTests;
			productReference = 300000000000000000000002 /* DOSCoreTests.xctest */;
			productType = "com.apple.product-type.bundle.unit-test";
		};
		600000000000000000000003 /* DOSUITests */ = {
			isa = PBXNativeTarget;
			buildConfigurationList = 900000000000000000000004 /* Build configuration list for PBXNativeTarget "DOSUITests" */;
			buildPhases = (
				500000000000000000000201 /* Sources */,
				500000000000000000000202 /* Frameworks */,
				500000000000000000000203 /* Resources */,
			);
			buildRules = (
			);
			dependencies = (
				800000000000000000000002 /* PBXTargetDependency */,
			);
			name = DOSUITests;
			productName = DOSUITests;
			productReference = 300000000000000000000003 /* DOSUITests.xctest */;
			productType = "com.apple.product-type.bundle.ui-testing";
		};
/* End PBXNativeTarget section */

/* Begin PBXProject section */
		700000000000000000000001 /* Project object */ = {
			isa = PBXProject;
			attributes = {
				BuildIndependentTargetsInParallel = 1;
				LastSwiftUpdateCheck = 1640;
				LastUpgradeCheck = 1640;
				TargetAttributes = {
					600000000000000000000001 = {
						CreatedOnToolsVersion = 16.4;
					};
					600000000000000000000002 = {
						CreatedOnToolsVersion = 16.4;
						TestTargetID = 600000000000000000000001;
					};
					600000000000000000000003 = {
						CreatedOnToolsVersion = 16.4;
						TestTargetID = 600000000000000000000001;
					};
				};
			};
			buildConfigurationList = 900000000000000000000001 /* Build configuration list for PBXProject "DOS" */;
			compatibilityVersion = "Xcode 15.0";
			developmentRegion = en;
			hasScannedForEncodings = 0;
			knownRegions = (
				en,
				Base,
			);
			mainGroup = 100000000000000000000001;
			productRefGroup = 100000000000000000000002 /* Products */;
			projectDirPath = "";
			projectRoot = "";
			targets = (
				600000000000000000000001 /* DOS */,
				600000000000000000000002 /* DOSCoreTests */,
				600000000000000000000003 /* DOSUITests */,
			);
		};
/* End PBXProject section */

/* Begin PBXResourcesBuildPhase section */
		500000000000000000000003 /* Resources */ = {
			isa = PBXResourcesBuildPhase;
			buildActionMask = 2147483647;
			files = (
			);
			runOnlyForDeploymentPostprocessing = 0;
		};
		500000000000000000000103 /* Resources */ = {
			isa = PBXResourcesBuildPhase;
			buildActionMask = 2147483647;
			files = (
			);
			runOnlyForDeploymentPostprocessing = 0;
		};
		500000000000000000000203 /* Resources */ = {
			isa = PBXResourcesBuildPhase;
			buildActionMask = 2147483647;
			files = (
			);
			runOnlyForDeploymentPostprocessing = 0;
		};
/* End PBXResourcesBuildPhase section */

/* Begin PBXSourcesBuildPhase section */
		500000000000000000000001 /* Sources */ = {
			isa = PBXSourcesBuildPhase;
			buildActionMask = 2147483647;
			files = (
				400000000000000000000001 /* DOSApp.swift in Sources */,
				400000000000000000000002 /* DomainModels.swift in Sources */,
				400000000000000000000003 /* OperationsModels.swift in Sources */,
				400000000000000000000004 /* Validation.swift in Sources */,
				400000000000000000000005 /* APIClient.swift in Sources */,
				400000000000000000000006 /* OfflineAttendanceQueue.swift in Sources */,
				400000000000000000000007 /* PreviewEventService.swift in Sources */,
				400000000000000000000008 /* AppModel.swift in Sources */,
				400000000000000000000009 /* ContentView.swift in Sources */,
			);
			runOnlyForDeploymentPostprocessing = 0;
		};
		500000000000000000000101 /* Sources */ = {
			isa = PBXSourcesBuildPhase;
			buildActionMask = 2147483647;
			files = (
				400000000000000000000101 /* DocumentedFeaturesTests.swift in Sources */,
				400000000000000000000102 /* OfflineAttendanceQueueTests.swift in Sources */,
				400000000000000000000103 /* RegistrationValidatorTests.swift in Sources */,
			);
			runOnlyForDeploymentPostprocessing = 0;
		};
		500000000000000000000201 /* Sources */ = {
			isa = PBXSourcesBuildPhase;
			buildActionMask = 2147483647;
			files = (
			);
			runOnlyForDeploymentPostprocessing = 0;
		};
/* End PBXSourcesBuildPhase section */

/* Begin PBXTargetDependency section */
		800000000000000000000001 /* PBXTargetDependency */ = {
			isa = PBXTargetDependency;
			target = 600000000000000000000001 /* DOS */;
			targetProxy = 810000000000000000000001 /* PBXContainerItemProxy */;
		};
		800000000000000000000002 /* PBXTargetDependency */ = {
			isa = PBXTargetDependency;
			target = 600000000000000000000001 /* DOS */;
			targetProxy = 810000000000000000000002 /* PBXContainerItemProxy */;
		};
/* End PBXTargetDependency section */

/* Begin XCBuildConfiguration section */
		A00000000000000000000001 /* Debug */ = {
			isa = XCBuildConfiguration;
			baseConfigurationReference = 200000000000000000000202 /* Debug.xcconfig */;
			buildSettings = {
				ALWAYS_SEARCH_USER_PATHS = NO;
				CLANG_ANALYZER_NONNULL = YES;
				CLANG_ANALYZER_NUMBER_OBJECT_CONVERSION = YES_AGGRESSIVE;
				CLANG_CXX_LANGUAGE_STANDARD = "gnu++20";
				CLANG_ENABLE_OBJC_WEAK = YES;
				CLANG_WARN_BOOL_CONVERSION = YES;
				CLANG_WARN_COMMA = YES;
				CLANG_WARN_CONSTANT_CONVERSION = YES;
				CLANG_WARN_DEPRECATED_OBJC_IMPLEMENTATIONS = YES;
				CLANG_WARN_DOCUMENTATION_COMMENTS = YES;
				CLANG_WARN_EMPTY_BODY = YES;
				CLANG_WARN_ENUM_CONVERSION = YES;
				CLANG_WARN_INFINITE_RECURSION = YES;
				CLANG_WARN_INT_CONVERSION = YES;
				CLANG_WARN_NON_LITERAL_NULL_CONVERSION = YES;
				CLANG_WARN_OBJC_IMPLICIT_RETAIN_SELF = YES;
				CLANG_WARN_OBJC_LITERAL_CONVERSION = YES;
				CLANG_WARN_QUOTED_INCLUDE_IN_FRAMEWORK_HEADER = YES;
				CLANG_WARN_RANGE_LOOP_ANALYSIS = YES;
				CLANG_WARN_STRICT_PROTOTYPES = YES;
				CLANG_WARN_SUSPICIOUS_MOVE = YES;
				CLANG_WARN_UNGUARDED_AVAILABILITY = YES_AGGRESSIVE;
				CLANG_WARN_UNREACHABLE_CODE = YES;
				CLANG_WARN__DUPLICATE_METHOD_MATCH = YES;
				COPY_PHASE_STRIP = NO;
				SDKROOT = iphoneos;
				SUPPORTED_PLATFORMS = "iphoneos iphonesimulator";
			};
			name = Debug;
		};
		A00000000000000000000002 /* Staging */ = {
			isa = XCBuildConfiguration;
			baseConfigurationReference = 200000000000000000000203 /* Staging.xcconfig */;
			buildSettings = {
				ALWAYS_SEARCH_USER_PATHS = NO;
				CLANG_ANALYZER_NONNULL = YES;
				CLANG_ANALYZER_NUMBER_OBJECT_CONVERSION = YES_AGGRESSIVE;
				CLANG_CXX_LANGUAGE_STANDARD = "gnu++20";
				CLANG_ENABLE_OBJC_WEAK = YES;
				CLANG_WARN_BOOL_CONVERSION = YES;
				CLANG_WARN_COMMA = YES;
				CLANG_WARN_CONSTANT_CONVERSION = YES;
				CLANG_WARN_DEPRECATED_OBJC_IMPLEMENTATIONS = YES;
				CLANG_WARN_DOCUMENTATION_COMMENTS = YES;
				CLANG_WARN_EMPTY_BODY = YES;
				CLANG_WARN_ENUM_CONVERSION = YES;
				CLANG_WARN_INFINITE_RECURSION = YES;
				CLANG_WARN_INT_CONVERSION = YES;
				CLANG_WARN_NON_LITERAL_NULL_CONVERSION = YES;
				CLANG_WARN_OBJC_IMPLICIT_RETAIN_SELF = YES;
				CLANG_WARN_OBJC_LITERAL_CONVERSION = YES;
				CLANG_WARN_QUOTED_INCLUDE_IN_FRAMEWORK_HEADER = YES;
				CLANG_WARN_RANGE_LOOP_ANALYSIS = YES;
				CLANG_WARN_STRICT_PROTOTYPES = YES;
				CLANG_WARN_SUSPICIOUS_MOVE = YES;
				CLANG_WARN_UNGUARDED_AVAILABILITY = YES_AGGRESSIVE;
				CLANG_WARN_UNREACHABLE_CODE = YES;
				CLANG_WARN__DUPLICATE_METHOD_MATCH = YES;
				COPY_PHASE_STRIP = YES;
				SDKROOT = iphoneos;
				SUPPORTED_PLATFORMS = "iphoneos iphonesimulator";
			};
			name = Staging;
		};
		A00000000000000000000003 /* Production */ = {
			isa = XCBuildConfiguration;
			baseConfigurationReference = 200000000000000000000204 /* Production.xcconfig */;
			buildSettings = {
				ALWAYS_SEARCH_USER_PATHS = NO;
				CLANG_ANALYZER_NONNULL = YES;
				CLANG_ANALYZER_NUMBER_OBJECT_CONVERSION = YES_AGGRESSIVE;
				CLANG_CXX_LANGUAGE_STANDARD = "gnu++20";
				CLANG_ENABLE_OBJC_WEAK = YES;
				CLANG_WARN_BOOL_CONVERSION = YES;
				CLANG_WARN_COMMA = YES;
				CLANG_WARN_CONSTANT_CONVERSION = YES;
				CLANG_WARN_DEPRECATED_OBJC_IMPLEMENTATIONS = YES;
				CLANG_WARN_DOCUMENTATION_COMMENTS = YES;
				CLANG_WARN_EMPTY_BODY = YES;
				CLANG_WARN_ENUM_CONVERSION = YES;
				CLANG_WARN_INFINITE_RECURSION = YES;
				CLANG_WARN_INT_CONVERSION = YES;
				CLANG_WARN_NON_LITERAL_NULL_CONVERSION = YES;
				CLANG_WARN_OBJC_IMPLICIT_RETAIN_SELF = YES;
				CLANG_WARN_OBJC_LITERAL_CONVERSION = YES;
				CLANG_WARN_QUOTED_INCLUDE_IN_FRAMEWORK_HEADER = YES;
				CLANG_WARN_RANGE_LOOP_ANALYSIS = YES;
				CLANG_WARN_STRICT_PROTOTYPES = YES;
				CLANG_WARN_SUSPICIOUS_MOVE = YES;
				CLANG_WARN_UNGUARDED_AVAILABILITY = YES_AGGRESSIVE;
				CLANG_WARN_UNREACHABLE_CODE = YES;
				CLANG_WARN__DUPLICATE_METHOD_MATCH = YES;
				COPY_PHASE_STRIP = YES;
				SDKROOT = iphoneos;
				SUPPORTED_PLATFORMS = "iphoneos iphonesimulator";
				VALIDATE_PRODUCT = YES;
			};
			name = Production;
		};
		A00000000000000000000101 /* Debug */ = {
			isa = XCBuildConfiguration;
			buildSettings = {
				CODE_SIGN_STYLE = Automatic;
				CURRENT_PROJECT_VERSION = 1;
				ENABLE_PREVIEWS = YES;
				GENERATE_INFOPLIST_FILE = YES;
				INFOPLIST_KEY_CFBundleDisplayName = "$(DOS_APP_DISPLAY_NAME)";
				INFOPLIST_KEY_DOSAPIHost = "$(DOS_API_HOST)";
				INFOPLIST_KEY_DOSAPIScheme = "$(DOS_API_SCHEME)";
				INFOPLIST_KEY_DOSAppEnvironment = "$(DOS_APP_ENVIRONMENT)";
				INFOPLIST_KEY_LSApplicationCategoryType = "public.app-category.lifestyle";
				INFOPLIST_KEY_UIApplicationSceneManifest_Generation = YES;
				INFOPLIST_KEY_UIApplicationSupportsIndirectInputEvents = YES;
				INFOPLIST_KEY_UILaunchScreen_Generation = YES;
				INFOPLIST_KEY_UISupportedInterfaceOrientations_iPhone = "UIInterfaceOrientationPortrait UIInterfaceOrientationLandscapeLeft UIInterfaceOrientationLandscapeRight";
				MARKETING_VERSION = 0.1.0;
				PRODUCT_BUNDLE_IDENTIFIER = "$(DOS_APP_BUNDLE_IDENTIFIER)";
				PRODUCT_MODULE_NAME = DOSCore;
				PRODUCT_NAME = "$(TARGET_NAME)";
				SWIFT_EMIT_LOC_STRINGS = YES;
				TARGETED_DEVICE_FAMILY = 1;
			};
			name = Debug;
		};
		A00000000000000000000102 /* Staging */ = {
			isa = XCBuildConfiguration;
			buildSettings = {
				CODE_SIGN_STYLE = Automatic;
				CURRENT_PROJECT_VERSION = 1;
				ENABLE_PREVIEWS = YES;
				GENERATE_INFOPLIST_FILE = YES;
				INFOPLIST_KEY_CFBundleDisplayName = "$(DOS_APP_DISPLAY_NAME)";
				INFOPLIST_KEY_DOSAPIHost = "$(DOS_API_HOST)";
				INFOPLIST_KEY_DOSAPIScheme = "$(DOS_API_SCHEME)";
				INFOPLIST_KEY_DOSAppEnvironment = "$(DOS_APP_ENVIRONMENT)";
				INFOPLIST_KEY_LSApplicationCategoryType = "public.app-category.lifestyle";
				INFOPLIST_KEY_UIApplicationSceneManifest_Generation = YES;
				INFOPLIST_KEY_UIApplicationSupportsIndirectInputEvents = YES;
				INFOPLIST_KEY_UILaunchScreen_Generation = YES;
				INFOPLIST_KEY_UISupportedInterfaceOrientations_iPhone = "UIInterfaceOrientationPortrait UIInterfaceOrientationLandscapeLeft UIInterfaceOrientationLandscapeRight";
				MARKETING_VERSION = 0.1.0;
				PRODUCT_BUNDLE_IDENTIFIER = "$(DOS_APP_BUNDLE_IDENTIFIER)";
				PRODUCT_MODULE_NAME = DOSCore;
				PRODUCT_NAME = "$(TARGET_NAME)";
				SWIFT_EMIT_LOC_STRINGS = YES;
				TARGETED_DEVICE_FAMILY = 1;
			};
			name = Staging;
		};
		A00000000000000000000103 /* Production */ = {
			isa = XCBuildConfiguration;
			buildSettings = {
				CODE_SIGN_STYLE = Automatic;
				CURRENT_PROJECT_VERSION = 1;
				ENABLE_PREVIEWS = NO;
				GENERATE_INFOPLIST_FILE = YES;
				INFOPLIST_KEY_CFBundleDisplayName = "$(DOS_APP_DISPLAY_NAME)";
				INFOPLIST_KEY_DOSAPIHost = "$(DOS_API_HOST)";
				INFOPLIST_KEY_DOSAPIScheme = "$(DOS_API_SCHEME)";
				INFOPLIST_KEY_DOSAppEnvironment = "$(DOS_APP_ENVIRONMENT)";
				INFOPLIST_KEY_LSApplicationCategoryType = "public.app-category.lifestyle";
				INFOPLIST_KEY_UIApplicationSceneManifest_Generation = YES;
				INFOPLIST_KEY_UIApplicationSupportsIndirectInputEvents = YES;
				INFOPLIST_KEY_UILaunchScreen_Generation = YES;
				INFOPLIST_KEY_UISupportedInterfaceOrientations_iPhone = "UIInterfaceOrientationPortrait UIInterfaceOrientationLandscapeLeft UIInterfaceOrientationLandscapeRight";
				MARKETING_VERSION = 0.1.0;
				PRODUCT_BUNDLE_IDENTIFIER = "$(DOS_APP_BUNDLE_IDENTIFIER)";
				PRODUCT_MODULE_NAME = DOSCore;
				PRODUCT_NAME = "$(TARGET_NAME)";
				SWIFT_EMIT_LOC_STRINGS = YES;
				TARGETED_DEVICE_FAMILY = 1;
			};
			name = Production;
		};
		A00000000000000000000201 /* Debug */ = {
			isa = XCBuildConfiguration;
			buildSettings = {
				BUNDLE_LOADER = "$(TEST_HOST)";
				CODE_SIGN_STYLE = Automatic;
				GENERATE_INFOPLIST_FILE = YES;
				LD_RUNPATH_SEARCH_PATHS = (
					"$(inherited)",
					"@executable_path/Frameworks",
					"@loader_path/Frameworks",
				);
				PRODUCT_BUNDLE_IDENTIFIER = "$(DOS_APP_BUNDLE_IDENTIFIER).tests";
				PRODUCT_MODULE_NAME = DOSCoreTests;
				PRODUCT_NAME = "$(TARGET_NAME)";
				TEST_HOST = "$(BUILT_PRODUCTS_DIR)/DOS.app/$(BUNDLE_EXECUTABLE_FOLDER_PATH)/DOS";
			};
			name = Debug;
		};
		A00000000000000000000202 /* Staging */ = {
			isa = XCBuildConfiguration;
			buildSettings = {
				BUNDLE_LOADER = "$(TEST_HOST)";
				CODE_SIGN_STYLE = Automatic;
				GENERATE_INFOPLIST_FILE = YES;
				LD_RUNPATH_SEARCH_PATHS = (
					"$(inherited)",
					"@executable_path/Frameworks",
					"@loader_path/Frameworks",
				);
				PRODUCT_BUNDLE_IDENTIFIER = "$(DOS_APP_BUNDLE_IDENTIFIER).tests";
				PRODUCT_MODULE_NAME = DOSCoreTests;
				PRODUCT_NAME = "$(TARGET_NAME)";
				TEST_HOST = "$(BUILT_PRODUCTS_DIR)/DOS.app/$(BUNDLE_EXECUTABLE_FOLDER_PATH)/DOS";
			};
			name = Staging;
		};
		A00000000000000000000203 /* Production */ = {
			isa = XCBuildConfiguration;
			buildSettings = {
				BUNDLE_LOADER = "$(TEST_HOST)";
				CODE_SIGN_STYLE = Automatic;
				GENERATE_INFOPLIST_FILE = YES;
				LD_RUNPATH_SEARCH_PATHS = (
					"$(inherited)",
					"@executable_path/Frameworks",
					"@loader_path/Frameworks",
				);
				PRODUCT_BUNDLE_IDENTIFIER = "$(DOS_APP_BUNDLE_IDENTIFIER).tests";
				PRODUCT_MODULE_NAME = DOSCoreTests;
				PRODUCT_NAME = "$(TARGET_NAME)";
				TEST_HOST = "$(BUILT_PRODUCTS_DIR)/DOS.app/$(BUNDLE_EXECUTABLE_FOLDER_PATH)/DOS";
			};
			name = Production;
		};
		A00000000000000000000301 /* Debug */ = {
			isa = XCBuildConfiguration;
			buildSettings = {
				CODE_SIGN_STYLE = Automatic;
				GENERATE_INFOPLIST_FILE = YES;
				PRODUCT_BUNDLE_IDENTIFIER = "$(DOS_APP_BUNDLE_IDENTIFIER).uitests";
				PRODUCT_NAME = "$(TARGET_NAME)";
				TARGETED_DEVICE_FAMILY = 1;
				TEST_TARGET_NAME = DOS;
			};
			name = Debug;
		};
		A00000000000000000000302 /* Staging */ = {
			isa = XCBuildConfiguration;
			buildSettings = {
				CODE_SIGN_STYLE = Automatic;
				GENERATE_INFOPLIST_FILE = YES;
				PRODUCT_BUNDLE_IDENTIFIER = "$(DOS_APP_BUNDLE_IDENTIFIER).uitests";
				PRODUCT_NAME = "$(TARGET_NAME)";
				TARGETED_DEVICE_FAMILY = 1;
				TEST_TARGET_NAME = DOS;
			};
			name = Staging;
		};
		A00000000000000000000303 /* Production */ = {
			isa = XCBuildConfiguration;
			buildSettings = {
				CODE_SIGN_STYLE = Automatic;
				GENERATE_INFOPLIST_FILE = YES;
				PRODUCT_BUNDLE_IDENTIFIER = "$(DOS_APP_BUNDLE_IDENTIFIER).uitests";
				PRODUCT_NAME = "$(TARGET_NAME)";
				TARGETED_DEVICE_FAMILY = 1;
				TEST_TARGET_NAME = DOS;
			};
			name = Production;
		};
/* End XCBuildConfiguration section */

/* Begin XCConfigurationList section */
		900000000000000000000001 /* Build configuration list for PBXProject "DOS" */ = {
			isa = XCConfigurationList;
			buildConfigurations = (
				A00000000000000000000001 /* Debug */,
				A00000000000000000000002 /* Staging */,
				A00000000000000000000003 /* Production */,
			);
			defaultConfigurationIsVisible = 0;
			defaultConfigurationName = Debug;
		};
		900000000000000000000002 /* Build configuration list for PBXNativeTarget "DOS" */ = {
			isa = XCConfigurationList;
			buildConfigurations = (
				A00000000000000000000101 /* Debug */,
				A00000000000000000000102 /* Staging */,
				A00000000000000000000103 /* Production */,
			);
			defaultConfigurationIsVisible = 0;
			defaultConfigurationName = Debug;
		};
		900000000000000000000003 /* Build configuration list for PBXNativeTarget "DOSCoreTests" */ = {
			isa = XCConfigurationList;
			buildConfigurations = (
				A00000000000000000000201 /* Debug */,
				A00000000000000000000202 /* Staging */,
				A00000000000000000000203 /* Production */,
			);
			defaultConfigurationIsVisible = 0;
			defaultConfigurationName = Debug;
		};
		900000000000000000000004 /* Build configuration list for PBXNativeTarget "DOSUITests" */ = {
			isa = XCConfigurationList;
			buildConfigurations = (
				A00000000000000000000301 /* Debug */,
				A00000000000000000000302 /* Staging */,
				A00000000000000000000303 /* Production */,
			);
			defaultConfigurationIsVisible = 0;
			defaultConfigurationName = Debug;
		};
/* End XCConfigurationList section */
	};
	rootObject = 700000000000000000000001 /* Project object */;
}
